<?xml version="1.0" encoding="utf-8"?>
<Project ToolsVersion="4.0" xmlns="http://schemas.microsoft.com/developer/msbuild/2003">
  <ItemGroup>
    <Filter Include="Source Files">
      <UniqueIdentifier>{4FC737F1-C7A5-4376-A066-2A32D752A2FF}</UniqueIdentifier>
      <Extensions>cpp;cxx;c;def</Extensions>
    </Filter>
    <Filter Include="Header Files">
      <UniqueIdentifier>{93995380-89BD-4b04-88EB-625FBE52EBFB}</UniqueIdentifier>
      <Extensions>h</Extensions>
    </Filter>
    <Filter Include="Form Files">
      <UniqueIdentifier>{99349809-55BA-4b9d-BF79-8FDBB0286EB3}</UniqueIdentifier>
      <Extensions>ui</Extensions>
    </Filter>
    <Filter Include="Resource Files">
      <UniqueIdentifier>{D9D6E242-F8AF-46E4-B9FD-80ECBC20BA3E}</UniqueIdentifier>
      <Extensions>qrc;*</Extensions>
      <ParseFiles>false</ParseFiles>
    </Filter>
    <Filter Include="Generated Files">
      <UniqueIdentifier>{71ED8ED8-ACB9-4CE9-BBE1-E00B30144E11}</UniqueIdentifier>
      <Extensions>moc;h;cpp</Extensions>
      <SourceControlFiles>False</SourceControlFiles>
    </Filter>
    <Filter Include="Generated Files\Debug">
      <UniqueIdentifier>{98bb940b-1e2a-4f78-9b65-8d5d902df0f2}</UniqueIdentifier>
      <Extensions>cpp;moc</Extensions>
      <SourceControlFiles>False</SourceControlFiles>
    </Filter>
    <Filter Include="Generated Files\Release">
      <UniqueIdentifier>{f5c879a7-bb9b-42ea-8c74-693467a7df3c}</UniqueIdentifier>
      <Extensions>cpp;moc</Extensions>
      <SourceControlFiles>False</SourceControlFiles>
    </Filter>
  </ItemGroup>
  <ItemGroup>
    <ClCompile Include="main.cpp">
      <Filter>Source Files</Filter>
    </ClCompile>
    <ClCompile Include="Net\NetServerThread.cpp">
      <Filter>Source Files</Filter>
    </ClCompile>
    <ClCompile Include="GeneratedFiles\Debug\moc_NetServerThread.cpp">
      <Filter>Generated Files\Debug</Filter>
    </ClCompile>
    <ClCompile Include="GeneratedFiles\Release\moc_NetServerThread.cpp">
      <Filter>Generated Files\Release</Filter>
    </ClCompile>
    <ClCompile Include="Net\TcpServer.cpp">
      <Filter>Source Files</Filter>
    </ClCompile>
    <ClCompile Include="GeneratedFiles\Debug\moc_TcpServer.cpp">
      <Filter>Generated Files\Debug</Filter>
    </ClCompile>
    <ClCompile Include="GeneratedFiles\Release\moc_TcpServer.cpp">
      <Filter>Generated Files\Release</Filter>
    </ClCompile>
    <ClCompile Include="Net\TcpSocket.cpp">
      <Filter>Source Files</Filter>
    </ClCompile>
    <ClCompile Include="GeneratedFiles\Debug\moc_TcpSocket.cpp">
      <Filter>Generated Files\Debug</Filter>
    </ClCompile>
    <ClCompile Include="GeneratedFiles\Release\moc_TcpSocket.cpp">
      <Filter>Generated Files\Release</Filter>
    </ClCompile>
    <ClCompile Include="Include\CCycleBuffer.cpp">
      <Filter>Source Files</Filter>
    </ClCompile>
    <ClCompile Include="Acq\AcqDriver.cpp">
      <Filter>Source Files</Filter>
    </ClCompile>
    <ClCompile Include="GeneratedFiles\Debug\moc_AcqDriver.cpp">
      <Filter>Generated Files\Debug</Filter>
    </ClCompile>
    <ClCompile Include="GeneratedFiles\Release\moc_AcqDriver.cpp">
      <Filter>Generated Files\Release</Filter>
    </ClCompile>
    <ClCompile Include="Acq\IAcq.cpp">
      <Filter>Source Files</Filter>
    </ClCompile>
    <ClCompile Include="GeneratedFiles\Debug\moc_IAcq.cpp">
      <Filter>Generated Files\Debug</Filter>
    </ClCompile>
    <ClCompile Include="GeneratedFiles\Release\moc_IAcq.cpp">
      <Filter>Generated Files\Release</Filter>
    </ClCompile>
    <ClCompile Include="GeneratedFiles\Debug\moc_testacqdriver.cpp">
      <Filter>Generated Files\Debug</Filter>
    </ClCompile>
    <ClCompile Include="GeneratedFiles\Release\moc_testacqdriver.cpp">
      <Filter>Generated Files\Release</Filter>
    </ClCompile>
    <ClCompile Include="Ui\testacqdriver.cpp">
      <Filter>Source Files</Filter>
    </ClCompile>
    <ClCompile Include="Include\Global.cpp">
      <Filter>Source Files</Filter>
    </ClCompile>
    <ClCompile Include="GeneratedFiles\Debug\moc_Global.cpp">
      <Filter>Generated Files\Debug</Filter>
    </ClCompile>
    <ClCompile Include="GeneratedFiles\Release\moc_Global.cpp">
      <Filter>Generated Files\Release</Filter>
    </ClCompile>
    <ClCompile Include="GeneratedFiles\Debug\moc_BllRealTimeTrans.cpp">
      <Filter>Generated Files\Debug</Filter>
    </ClCompile>
    <ClCompile Include="GeneratedFiles\Release\moc_BllRealTimeTrans.cpp">
      <Filter>Generated Files\Release</Filter>
    </ClCompile>
    <ClCompile Include="Bll\BllRealTimeTrans.cpp">
      <Filter>Source Files</Filter>
    </ClCompile>
    <ClCompile Include="GeneratedFiles\Debug\moc_Network.cpp">
      <Filter>Generated Files\Debug</Filter>
    </ClCompile>
    <ClCompile Include="GeneratedFiles\Release\moc_Network.cpp">
      <Filter>Generated Files\Release</Filter>
    </ClCompile>
    <ClCompile Include="Net\Network.cpp">
      <Filter>Source Files</Filter>
    </ClCompile>
    <ClCompile Include="Ui\ocrproject.cpp">
      <Filter>Source Files</Filter>
    </ClCompile>
    <ClCompile Include="GeneratedFiles\Debug\moc_ocrproject.cpp">
      <Filter>Generated Files\Debug</Filter>
    </ClCompile>
    <ClCompile Include="GeneratedFiles\Release\moc_ocrproject.cpp">
      <Filter>Generated Files\Release</Filter>
    </ClCompile>
    <ClCompile Include="GeneratedFiles\Debug\moc_OcrControl.cpp">
      <Filter>Generated Files\Debug</Filter>
    </ClCompile>
    <ClCompile Include="GeneratedFiles\Release\moc_OcrControl.cpp">
      <Filter>Generated Files\Release</Filter>
    </ClCompile>
    <ClCompile Include="Ui\OcrControl.cpp">
      <Filter>Source Files</Filter>
    </ClCompile>
    <ClCompile Include="GeneratedFiles\Debug\moc_common.cpp">
      <Filter>Generated Files\Debug</Filter>
    </ClCompile>
    <ClCompile Include="GeneratedFiles\Release\moc_common.cpp">
      <Filter>Generated Files\Release</Filter>
    </ClCompile>
    <ClCompile Include="Include\common.cpp">
      <Filter>Source Files</Filter>
    </ClCompile>
    <ClCompile Include="GeneratedFiles\Debug\moc_ThreadRealTime.cpp">
      <Filter>Generated Files\Debug</Filter>
    </ClCompile>
    <ClCompile Include="GeneratedFiles\Release\moc_ThreadRealTime.cpp">
      <Filter>Generated Files\Release</Filter>
    </ClCompile>
    <ClCompile Include="Bll\ThreadRealTime.cpp">
      <Filter>Source Files</Filter>
    </ClCompile>
    <ClCompile Include="GeneratedFiles\Debug\moc_ThreadDataIdentity.cpp">
      <Filter>Generated Files\Debug</Filter>
    </ClCompile>
    <ClCompile Include="GeneratedFiles\Release\moc_ThreadDataIdentity.cpp">
      <Filter>Generated Files\Release</Filter>
    </ClCompile>
    <ClCompile Include="Bll\ThreadDataIdentity.cpp">
      <Filter>Source Files</Filter>
    </ClCompile>
    <ClCompile Include="GeneratedFiles\Debug\moc_ThreadAcq.cpp">
      <Filter>Generated Files\Debug</Filter>
    </ClCompile>
    <ClCompile Include="GeneratedFiles\Release\moc_ThreadAcq.cpp">
      <Filter>Generated Files\Release</Filter>
    </ClCompile>
    <ClCompile Include="Acq\ThreadAcq.cpp">
      <Filter>Source Files</Filter>
    </ClCompile>
    <ClCompile Include="Bll\DataIdentity.cpp">
      <Filter>Source Files</Filter>
    </ClCompile>
    <ClCompile Include="GeneratedFiles\Debug\moc_BllDataIdentity.cpp">
      <Filter>Generated Files\Debug</Filter>
    </ClCompile>
    <ClCompile Include="GeneratedFiles\Release\moc_BllDataIdentity.cpp">
      <Filter>Generated Files\Release</Filter>
    </ClCompile>
    <ClCompile Include="Bll\BllDataIdentity.cpp">
      <Filter>Source Files</Filter>
    </ClCompile>
    <ClCompile Include="GeneratedFiles\qrc_ocrproject.cpp">
      <Filter>Generated Files</Filter>
    </ClCompile>
  </ItemGroup>
  <ItemGroup>
    <CustomBuild Include="Net\NetServerThread.h">
      <Filter>Header Files</Filter>
    </CustomBuild>
    <CustomBuild Include="Net\TcpServer.h">
      <Filter>Header Files</Filter>
    </CustomBuild>
    <CustomBuild Include="Net\TcpSocket.h">
      <Filter>Header Files</Filter>
    </CustomBuild>
    <CustomBuild Include="Acq\AcqDriver.h">
      <Filter>Header Files</Filter>
    </CustomBuild>
    <CustomBuild Include="Acq\IAcq.h">
      <Filter>Header Files</Filter>
    </CustomBuild>
    <CustomBuild Include="Ui\testacqdriver.h">
      <Filter>Header Files</Filter>
    </CustomBuild>
    <CustomBuild Include="Ui\testacqdriver.ui">
      <Filter>Form Files</Filter>
    </CustomBuild>
    <CustomBuild Include="Include\Global.h">
      <Filter>Header Files</Filter>
    </CustomBuild>
    <CustomBuild Include="Bll\BllRealTimeTrans.h">
      <Filter>Header Files</Filter>
    </CustomBuild>
    <CustomBuild Include="Net\Network.h">
      <Filter>Header Files</Filter>
    </CustomBuild>
    <CustomBuild Include="Ui\ocrproject.ui">
      <Filter>Form Files</Filter>
    </CustomBuild>
    <CustomBuild Include="Ui\ocrproject.h">
      <Filter>Header Files</Filter>
    </CustomBuild>
    <CustomBuild Include="Ui\OcrControl.ui">
      <Filter>Form Files</Filter>
    </CustomBuild>
    <CustomBuild Include="Ui\OcrControl.h">
      <Filter>Header Files</Filter>
    </CustomBuild>
    <CustomBuild Include="Include\common.h">
      <Filter>Header Files</Filter>
    </CustomBuild>
    <CustomBuild Include="Bll\ThreadRealTime.h">
      <Filter>Header Files</Filter>
    </CustomBuild>
    <CustomBuild Include="Bll\ThreadDataIdentity.h">
      <Filter>Header Files</Filter>
    </CustomBuild>
    <CustomBuild Include="Acq\ThreadAcq.h">
      <Filter>Header Files</Filter>
    </CustomBuild>
    <CustomBuild Include="Bll\BllDataIdentity.h">
      <Filter>Header Files</Filter>
    </CustomBuild>
    <CustomBuild Include="ocrproject.qrc">
      <Filter>Resource Files</Filter>
    </CustomBuild>
  </ItemGroup>
  <ItemGroup>
    <ClInclude Include="Include\CCycleBuffer.h">
      <Filter>Header Files</Filter>
    </ClInclude>
    <ClInclude Include="Acq\AVSDK\AVerCapAPI.h">
      <Filter>Header Files</Filter>
    </ClInclude>
    <ClInclude Include="GeneratedFiles\ui_testacqdriver.h">
      <Filter>Generated Files</Filter>
    </ClInclude>
    <ClInclude Include="Include\HorseDataStruct.h">
      <Filter>Header Files</Filter>
    </ClInclude>
    <ClInclude Include="GeneratedFiles\ui_ocrproject.h">
      <Filter>Generated Files</Filter>
    </ClInclude>
    <ClInclude Include="GeneratedFiles\ui_OcrControl.h">
      <Filter>Generated Files</Filter>
    </ClInclude>
    <ClInclude Include="Bll\DataIdentity.h">
      <Filter>Header Files</Filter>
    </ClInclude>
    <ClInclude Include="Bll\algorithmParam.h">
      <Filter>Header Files</Filter>
    </ClInclude>
    <ClInclude Include="resource.h">
      <Filter>Header Files</Filter>
    </ClInclude>
  </ItemGroup>
  <ItemGroup>
    <None Include="Acq\AVSDK\AVerCapAPI.dll" />
    <None Include="Bll\number_SVM.xlm" />
    <None Include="LN_SVM_1.xlm" />
    <None Include="number_SVM_1.xlm" />
  </ItemGroup>
  <ItemGroup>
    <Library Include="Acq\AVSDK\AVerCapAPI.lib" />
    <Library Include="Lib\AVerCapAPI.lib" />
  </ItemGroup>
  <ItemGroup>
    <Image Include="1.jpg" />
    <Image Include="pp.jpg" />
  </ItemGroup>
  <ItemGroup>
    <ResourceCompile Include="OCRProject.rc" />
  </ItemGroup>
</Project>